
Microsoft Visual Studio Solution File, Format Version 12.00
# Visual Studio Version 16
VisualStudioVersion = 16.0.29709.97
MinimumVisualStudioVersion = 10.0.40219.1
Project("{FAE04EC0-301F-11D3-BF4B-00C04F79EFBC}") = "praktika01-02-2", "praktika01-02-2.csproj", "{FDC02ED8-2563-48B1-9197-84CDAF1EE505}"
EndProject
Global
	GlobalSection(SolutionConfigurationPlatforms) = preSolution
		Debug|Any CPU = Debug|Any CPU
		Release|Any CPU = Release|Any CPU
	EndGlobalSection
	GlobalSection(ProjectConfigurationPlatforms) = postSolution
		{FDC02ED8-2563-48B1-9197-84CDAF1EE505}.Debug|Any CPU.ActiveCfg = Debug|Any CPU
		{FDC02ED8-2563-48B1-9197-84CDAF1EE505}.Debug|Any CPU.Build.0 = Debug|Any CPU
		{FDC02ED8-2563-48B1-9197-84CDAF1EE505}.Release|Any CPU.ActiveCfg = Release|Any CPU
		{FDC02ED8-2563-48B1-9197-84CDAF1EE505}.Release|Any CPU.Build.0 = Release|Any CPU
	EndGlobalSection
	GlobalSection(SolutionProperties) = preSolution
		HideSolutionNode = FALSE
	EndGlobalSection
	GlobalSection(ExtensibilityGlobals) = postSolution
		SolutionGuid = {5ECCD9F4-77CE-4781-A262-D866B8E6D164}
	EndGlobalSection
EndGlobal
